// !$*UTF8*$!
{
	archiveVersion = 1;
	classes = {
	};
	objectVersion = 46;
	objects = {

/* Begin PBXBuildFile section */
		D712A4D41EEAF9BC00E86F55 /* WSAugmentedCameraView.swift in Sources */ = {isa = PBXBuildFile; fileRef = D712A4D31EEAF9BC00E86F55 /* WSAugmentedCameraView.swift */; };
		D73A67A51EEAA36700013093 /* AppDelegate.swift in Sources */ = {isa = PBXBuildFile; fileRef = D73A67A41EEAA36700013093 /* AppDelegate.swift */; };
		D73A67A71EEAA36700013093 /* CameraViewController.swift in Sources */ = {isa = PBXBuildFile; fileRef = D73A67A61EEAA36700013093 /* CameraViewController.swift */; };
		D73A67AC1EEAA36700013093 /* Assets.xcassets in Resources */ = {isa = PBXBuildFile; fileRef = D73A67AB1EEAA36700013093 /* Assets.xcassets */; };
		D73A67AF1EEAA36700013093 /* LaunchScreen.storyboard in Resources */ = {isa = PBXBuildFile; fileRef = D73A67AD1EEAA36700013093 /* LaunchScreen.storyboard */; };
/* End PBXBuildFile section */

/* Begin PBXFileReference section */
		D712A4D31EEAF9BC00E86F55 /* WSAugmentedCameraView.swift */ = {isa = PBXFileReference; fileEncoding = 4; lastKnownFileType = sourcecode.swift; name = WSAugmentedCameraView.swift; path = Source/WSAugmentedCameraView.swift; sourceTree = SOURCE_ROOT; };
		D73A67A11EEAA36700013093 /* WSAugmentedCameraExample.app */ = {isa = PBXFileReference; explicitFileType = wrapper.application; includeInIndex = 0; path = WSAugmentedCameraExample.app; sourceTree = BUILT_PRODUCTS_DIR; };
		D73A67A41EEAA36700013093 /* AppDelegate.swift */ = {isa = PBXFileReference; lastKnownFileType = sourcecode.swift; path = AppDelegate.swift; sourceTree = "<group>"; };
		D73A67A61EEAA36700013093 /* CameraViewController.swift */ = {isa = PBXFileReference; lastKnownFileType = sourcecode.swift; path = CameraViewController.swift; sourceTree = "<group>"; };
		D73A67AB1EEAA36700013093 /* Assets.xcassets */ = {isa = PBXFileReference; lastKnownFileType = folder.assetcatalog; path = Assets.xcassets; sourceTree = "<group>"; };
		D73A67AE1EEAA36700013093 /* Base */ = {isa = PBXFileReference; lastKnownFileType = file.storyboard; name = Base; path = Base.lproj/LaunchScreen.storyboard; sourceTree = "<group>"; };
		D73A67B01EEAA36700013093 /* Info.plist */ = {isa = PBXFileReference; lastKnownFileType = text.plist.xml; path = Info.plist; sourceTree = "<group>"; };
/* End PBXFileReference section */

/* Begin PBXFrameworksBuildPhase section */
		D73A679E1EEAA36700013093 /* Frameworks */ = {
			isa = PBXFrameworksBuildPhase;
			buildActionMask = 2147483647;
			files = (
			);
			runOnlyForDeploymentPostprocessing = 0;
		};
/* End PBXFrameworksBuildPhase section */

/* Begin PBXGroup section */
		D712A4D51EEAF9D100E86F55 /* Source */ = {
			isa = PBXGroup;
			children = (
				D712A4D31EEAF9BC00E86F55 /* WSAugmentedCameraView.swift */,
			);
			name = Source;
			sourceTree = "<group>";
		};
		D73A67981EEAA36700013093 = {
			isa = PBXGroup;
			children = (
				D73A67A31EEAA36700013093 /* WSAugmentedCameraExample */,
				D73A67A21EEAA36700013093 /* Products */,
			);
			sourceTree = "<group>";
		};
		D73A67A21EEAA36700013093 /* Products */ = {
			isa = PBXGroup;
			children = (
				D73A67A11EEAA36700013093 /* WSAugmentedCameraExample.app */,
			);
			name = Products;
			sourceTree = "<group>";
		};
		D73A67A31EEAA36700013093 /* WSAugmentedCameraExample */ = {
			isa = PBXGroup;
			children = (
				D73A67A41EEAA36700013093 /* AppDelegate.swift */,
				D73A67A61EEAA36700013093 /* CameraViewController.swift */,
				D712A4D51EEAF9D100E86F55 /* Source */,
				D73A67AB1EEAA36700013093 /* Assets.xcassets */,
				D73A67AD1EEAA36700013093 /* LaunchScreen.storyboard */,
				D73A67B01EEAA36700013093 /* Info.plist */,
			);
			path = WSAugmentedCameraExample;
			sourceTree = "<group>";
		};
/* End PBXGroup section */

/* Begin PBXNativeTarget section */
		D73A67A01EEAA36700013093 /* WSAugmentedCameraExample */ = {
			isa = PBXNativeTarget;
			buildConfigurationList = D73A67B31EEAA36700013093 /* Build configuration list for PBXNativeTarget "WSAugmentedCameraExample" */;
			buildPhases = (
				D73A679D1EEAA36700013093 /* Sources */,
				D73A679E1EEAA36700013093 /* Frameworks */,
				D73A679F1EEAA36700013093 /* Resources */,
			);
			buildRules = (
			);
			dependencies = (
			);
			name = WSAugmentedCameraExample;
			productName = WSAugmentedCameraExample;
			productReference = D73A67A11EEAA36700013093 /* WSAugmentedCameraExample.app */;
			productType = "com.apple.product-type.application";
		};
/* End PBXNativeTarget section */

/* Begin PBXProject section */
		D73A67991EEAA36700013093 /* Project object */ = {
			isa = PBXProject;
			attributes = {
				LastSwiftUpdateCheck = 0830;
				LastUpgradeCheck = 0830;
				ORGANIZATIONNAME = Whitesmith;
				TargetAttributes = {
					D73A67A01EEAA36700013093 = {
						CreatedOnToolsVersion = 8.3.2;
						DevelopmentTeam = 2E58BZR8M3;
						ProvisioningStyle = Automatic;
					};
				};
			};
			buildConfigurationList = D73A679C1EEAA36700013093 /* Build configuration list for PBXProject "WSAugmentedCameraExample" */;
			compatibilityVersion = "Xcode 3.2";
			developmentRegion = English;
			hasScannedForEncodings = 0;
			knownRegions = (
				en,
				Base,
			);
			mainGroup = D73A67981EEAA36700013093;
			productRefGroup = D73A67A21EEAA36700013093 /* Products */;
			projectDirPath = "";
			projectRoot = "";
			targets = (
				D73A67A01EEAA36700013093 /* WSAugmentedCameraExample */,
			);
		};
/* End PBXProject section */

/* Begin PBXResourcesBuildPhase section */
		D73A679F1EEAA36700013093 /* Resources */ = {
			isa = PBXResourcesBuildPhase;
			buildActionMask = 2147483647;
			files = (
				D73A67AF1EEAA36700013093 /* LaunchScreen.storyboard in Resources */,
				D73A67AC1EEAA36700013093 /* Assets.xcassets in Resources */,
			);
			runOnlyForDeploymentPostprocessing = 0;
		};
/* End PBXResourcesBuildPhase section */

/* Begin PBXSourcesBuildPhase section */
		D73A679D1EEAA36700013093 /* Sources */ = {
			isa = PBXSourcesBuildPhase;
			buildActionMask = 2147483647;
			files = (
				D712A4D41EEAF9BC00E86F55 /* WSAugmentedCameraView.swift in Sources */,
				D73A67A71EEAA36700013093 /* CameraViewController.swift in Sources */,
				D73A67A51EEAA36700013093 /* AppDelegate.swift in Sources */,
			);
			runOnlyForDeploymentPostprocessing = 0;
		};
/* End PBXSourcesBuildPhase section */

/* Begin PBXVariantGroup section */
		D73A67AD1EEAA36700013093 /* LaunchScreen.storyboard */ = {
			isa = PBXVariantGroup;
			children = (
				D73A67AE1EEAA36700013093 /* Base */,
			);
			name = LaunchScreen.storyboard;
			sourceTree = "<group>";
		};
/* End PBXVariantGroup section */

/* Begin XCBuildConfiguration section */
		D73A67B11EEAA36700013093 /* Debug */ = {
			isa = XCBuildConfiguration;
			buildSettings = {
				ALWAYS_SEARCH_USER_PATHS = NO;
				CLANG_ANALYZER_NONNULL = YES;
				CLANG_ANALYZER_NUMBER_OBJECT_CONVERSION = YES_AGGRESSIVE;
				CLANG_CXX_LANGUAGE_STANDARD = "gnu++0x";
				CLANG_CXX_LIBRARY = "libc++";
				CLANG_ENABLE_MODULES = YES;
				CLANG_ENABLE_OBJC_ARC = YES;
				CLANG_WARN_BOOL_CONVERSION = YES;
				CLANG_WARN_CONSTANT_CONVERSION = YES;
				CLANG_WARN_DIRECT_OBJC_ISA_USAGE = YES_ERROR;
				CLANG_WARN_DOCUMENTATION_COMMENTS = YES;
				CLANG_WARN_EMPTY_BODY = YES;
				CLANG_WARN_ENUM_CONVERSION = YES;
				CLANG_WARN_INFINITE_RECURSION = YES;
				CLANG_WARN_INT_CONVERSION = YES;
				CLANG_WARN_OBJC_ROOT_CLASS = YES_ERROR;
				CLANG_WARN_SUSPICIOUS_MOVE = YES;
				CLANG_WARN_UNREACHABLE_CODE = YES;
				CLANG_WARN__DUPLICATE_METHOD_MATCH = YES;
				"CODE_SIGN_IDENTITY[sdk=iphoneos*]" = "iPhone Developer";
				COPY_PHASE_STRIP = NO;
				DEBUG_INFORMATION_FORMAT = dwarf;
				ENABLE_STRICT_OBJC_MSGSEND = YES;
				ENABLE_TESTABILITY = YES;
				GCC_C_LANGUAGE_STANDARD = gnu99;
				GCC_DYNAMIC_NO_PIC = NO;
				GCC_NO_COMMON_BLOCKS = YES;
				GCC_OPTIMIZATION_LEVEL = 0;
				GCC_PREPROCESSOR_DEFINITIONS = (
					"DEBUG=1",
					"$(inherited)",
				);
				GCC_WARN_64_TO_32_BIT_CONVERSION = YES;
				GCC_WARN_ABOUT_RETURN_TYPE = YES_ERROR;
				GCC_WARN_UNDECLARED_SELECTOR = YES;
				GCC_WARN_UNINITIALIZED_AUTOS = YES_AGGRESSIVE;
				GCC_WARN_UNUSED_FUNCTION = YES;
				GCC_WARN_UNUSED_VARIABLE = YES;
				IPHONEOS_DEPLOYMENT_TARGET = 10.3;
				MTL_ENABLE_DEBUG_INFO = YES;
				ONLY_ACTIVE_ARCH = YES;
				SDKROOT = iphoneos;
				SWIFT_ACTIVE_COMPILATION_CONDITIONS = DEBUG;
				SWIFT_OPTIMIZATION_LEVEL = "-Onone";
			};
			name = Debug;
		};
		D73A67B21EEAA36700013093 /* Release */ = {
			isa = XCBuildConfiguration;
			buildSettings = {
				ALWAYS_SEARCH_USER_PATHS = NO;
				CLANG_ANALYZER_NONNULL = YES;
				CLANG_ANALYZER_NUMBER_OBJECT_CONVERSION = YES_AGGRESSIVE;
				CLANG_CXX_LANGUAGE_STANDARD = "gnu++0x";
				CLANG_CXX_LIBRARY = "libc++";
				CLANG_ENABLE_MODULES = YES;
				CLANG_ENABLE_OBJC_ARC = YES;
				CLANG_WARN_BOOL_CONVERSION = YES;
				CLANG_WARN_CONSTANT_CONVERSION = YES;
				CLANG_WARN_DIRECT_OBJC_ISA_USAGE = YES_ERROR;
				CLANG_WARN_DOCUMENTATION_COMMENTS = YES;
				CLANG_WARN_EMPTY_BODY = YES;
				CLANG_WARN_ENUM_CONVERSION = YES;
				CLANG_WARN_INFINITE_RECURSION = YES;
				CLANG_WARN_INT_CONVERSION = YES;
				CLANG_WARN_OBJC_ROOT_CLASS = YES_ERROR;
				CLANG_WARN_SUSPICIOUS_MOVE = YES;
				CLANG_WARN_UNREACHABLE_CODE = YES;
				CLANG_WARN__DUPLICATE_METHOD_MATCH = YES;
				"CODE_SIGN_IDENTITY[sdk=iphoneos*]" = "iPhone Developer";
				COPY_PHASE_STRIP = NO;
				DEBUG_INFORMATION_FORMAT = "dwarf-with-dsym";
				ENABLE_NS_ASSERTIONS = NO;
				ENABLE_STRICT_OBJC_MSGSEND = YES;
				GCC_C_LANGUAGE_STANDARD = gnu99;
				GCC_NO_COMMON_BLOCKS = YES;
				GCC_WARN_64_TO_32_BIT_CONVERSION = YES;
				GCC_WARN_ABOUT_RETURN_TYPE = YES_ERROR;
				GCC_WARN_UNDECLARED_SELECTOR = YES;
				GCC_WARN_UNINITIALIZED_AUTOS = YES_AGGRESSIVE;
				GCC_WARN_UNUSED_FUNCTION = YES;
				GCC_WARN_UNUSED_VARIABLE = YES;
				IPHONEOS_DEPLOYMENT_TARGET = 10.3;
				MTL_ENABLE_DEBUG_INFO = NO;
				SDKROOT = iphoneos;
				SWIFT_OPTIMIZATION_LEVEL = "-Owholemodule";
				VALIDATE_PRODUCT = YES;
			};
			name = Release;
		};
		D73A67B41EEAA36700013093 /* Debug */ = {
			isa = XCBuildConfiguration;
			buildSettings = {
				ASSETCATALOG_COMPILER_APPICON_NAME = AppIcon;
				DEVELOPMENT_TEAM = 2E58BZR8M3;
				INFOPLIST_FILE = WSAugmentedCameraExample/Info.plist;
				LD_RUNPATH_SEARCH_PATHS = "$(inherited) @executable_path/Frameworks";
				PRODUCT_BUNDLE_IDENTIFIER = co.whitesmith.WSAugmentedCameraExample;
				PRODUCT_NAME = "$(TARGET_NAME)";
				SWIFT_VERSION = 3.0;
			};
			name = Debug;
		};
		D73A67B51EEAA36700013093 /* Release */ = {
			isa = XCBuildConfiguration;
			buildSettings = {
				ASSETCATALOG_COMPILER_APPICON_NAME = AppIcon;
				DEVELOPMENT_TEAM = 2E58BZR8M3;
				INFOPLIST_FILE = WSAugmentedCameraExample/Info.plist;
				LD_RUNPATH_SEARCH_PATHS = "$(inherited) @executable_path/Frameworks";
				PRODUCT_BUNDLE_IDENTIFIER = co.whitesmith.WSAugmentedCameraExample;
				PRODUCT_NAME = "$(TARGET_NAME)";
				SWIFT_VERSION = 3.0;
			};
			name = Release;
		};
/* End XCBuildConfiguration section */

/* Begin XCConfigurationList section */
		D73A679C1EEAA36700013093 /* Build configuration list for PBXProject "WSAugmentedCameraExample" */ = {
			isa = XCConfigurationList;
			buildConfigurations = (
				D73A67B11EEAA36700013093 /* Debug */,
				D73A67B21EEAA36700013093 /* Release */,
			);
			defaultConfigurationIsVisible = 0;
			defaultConfigurationName = Release;
		};
		D73A67B31EEAA36700013093 /* Build configuration list for PBXNativeTarget "WSAugmentedCameraExample" */ = {
			isa = XCConfigurationList;
			buildConfigurations = (
				D73A67B41EEAA36700013093 /* Debug */,
				D73A67B51EEAA36700013093 /* Release */,
			);
			defaultConfigurationIsVisible = 0;
			defaultConfigurationName = Release;
		};
/* End XCConfigurationList section */
	};
	rootObject = D73A67991EEAA36700013093 /* Project object */;
}
